
Microsoft Visual Studio Solution File, Format Version 12.00
# Visual Studio 15
VisualStudioVersion = 15.0.28307.438
MinimumVisualStudioVersion = 10.0.40219.1
Project("{FAE04EC0-301F-11D3-BF4B-00C04F79EFBC}") = "domotica project", "domotica project\domotica project.csproj", "{A8373F3D-CB18-4ED8-B69C-A8A385F09D4B}"
EndProject
Global
	GlobalSection(SolutionConfigurationPlatforms) = preSolution
		Debug|Any CPU = Debug|Any CPU
		Release|Any CPU = Release|Any CPU
	EndGlobalSection
	GlobalSection(ProjectConfigurationPlatforms) = postSolution
		{A8373F3D-CB18-4ED8-B69C-A8A385F09D4B}.Debug|Any CPU.ActiveCfg = Debug|Any CPU
		{A8373F3D-CB18-4ED8-B69C-A8A385F09D4B}.Debug|Any CPU.Build.0 = Debug|Any CPU
		{A8373F3D-CB18-4ED8-B69C-A8A385F09D4B}.Release|Any CPU.ActiveCfg = Release|Any CPU
		{A8373F3D-CB18-4ED8-B69C-A8A385F09D4B}.Release|Any CPU.Build.0 = Release|Any CPU
	EndGlobalSection
	GlobalSection(SolutionProperties) = preSolution
		HideSolutionNode = FALSE
	EndGlobalSection
	GlobalSection(ExtensibilityGlobals) = postSolution
		SolutionGuid = {A47CA898-99EA-4289-BAC6-D99CAF536484}
	EndGlobalSection
EndGlobal
